lockfileVersion: '6.0'

settings:
  autoInstallPeers: true
  excludeLinksFromLockfile: false

dependencies:
  howler:
    specifier: ^2.2.3
    version: 2.2.3
  three:
    specifier: ^0.151.3
    version: 0.151.3

packages:

  /howler@2.2.3:
    resolution: {integrity: sha512-QM0FFkw0LRX1PR8pNzJVAY25JhIWvbKMBFM4gqk+QdV+kPXOhleWGCB6AiAF/goGjIHK2e/nIElplvjQwhr0jg==}
    dev: false

  /three@0.151.3:
    resolution: {integrity: sha512-+vbuqxFy8kzLeO5MgpBHUvP/EAiecaDwDuOPPDe6SbrZr96kccF0ktLngXc7xA7bzyd3N0t2f6mw3Z9y6JCojQ==}
    dev: false
